// !$*UTF8*$!
{
	archiveVersion = 1;
	classes = {
	};
	objectVersion = 46;
	objects = {

/* Begin PBXBuildFile section */
		4B7CC76C1EE719C000410BB7 /* AppDelegate.swift in Sources */ = {isa = PBXBuildFile; fileRef = 4B7CC76B1EE719C000410BB7 /* AppDelegate.swift */; };
		4B7CC76E1EE719C000410BB7 /* ViewController.swift in Sources */ = {isa = PBXBuildFile; fileRef = 4B7CC76D1EE719C000410BB7 /* ViewController.swift */; };
		4B7CC7711EE719C000410BB7 /* Main.storyboard in Resources */ = {isa = PBXBuildFile; fileRef = 4B7CC76F1EE719C000410BB7 /* Main.storyboard */; };
		4B7CC7731EE719C000410BB7 /* Assets.xcassets in Resources */ = {isa = PBXBuildFile; fileRef = 4B7CC7721EE719C000410BB7 /* Assets.xcassets */; };
		4B7CC7761EE719C000410BB7 /* LaunchScreen.storyboard in Resources */ = {isa = PBXBuildFile; fileRef = 4B7CC7741EE719C000410BB7 /* LaunchScreen.storyboard */; };
		576554BCEB5BE4E1D5E2D706 /* Pods_AlamoFireExample.framework in Frameworks */ = {isa = PBXBuildFile; fileRef = F26EB0EAE6FEAD734C845BE9 /* Pods_AlamoFireExample.framework */; };
/* End PBXBuildFile section */

/* Begin PBXFileReference section */
		4B7CC7681EE719C000410BB7 /* AlamoFireExample.app */ = {isa = PBXFileReference; explicitFileType = wrapper.application; includeInIndex = 0; path = AlamoFireExample.app; sourceTree = BUILT_PRODUCTS_DIR; };
		4B7CC76B1EE719C000410BB7 /* AppDelegate.swift */ = {isa = PBXFileReference; lastKnownFileType = sourcecode.swift; path = AppDelegate.swift; sourceTree = "<group>"; };
		4B7CC76D1EE719C000410BB7 /* ViewController.swift */ = {isa = PBXFileReference; lastKnownFileType = sourcecode.swift; path = ViewController.swift; sourceTree = "<group>"; };
		4B7CC7701EE719C000410BB7 /* Base */ = {isa = PBXFileReference; lastKnownFileType = file.storyboard; name = Base; path = Base.lproj/Main.storyboard; sourceTree = "<group>"; };
		4B7CC7721EE719C000410BB7 /* Assets.xcassets */ = {isa = PBXFileReference; lastKnownFileType = folder.assetcatalog; path = Assets.xcassets; sourceTree = "<group>"; };
		4B7CC7751EE719C000410BB7 /* Base */ = {isa = PBXFileReference; lastKnownFileType = file.storyboard; name = Base; path = Base.lproj/LaunchScreen.storyboard; sourceTree = "<group>"; };
		4B7CC7771EE719C000410BB7 /* Info.plist */ = {isa = PBXFileReference; lastKnownFileType = text.plist.xml; path = Info.plist; sourceTree = "<group>"; };
		E16164E4FEF8D2C1666C4FA9 /* Pods-AlamoFireExample.debug.xcconfig */ = {isa = PBXFileReference; includeInIndex = 1; lastKnownFileType = text.xcconfig; name = "Pods-AlamoFireExample.debug.xcconfig"; path = "Pods/Target Support Files/Pods-AlamoFireExample/Pods-AlamoFireExample.debug.xcconfig"; sourceTree = "<group>"; };
		F26EB0EAE6FEAD734C845BE9 /* Pods_AlamoFireExample.framework */ = {isa = PBXFileReference; explicitFileType = wrapper.framework; includeInIndex = 0; path = Pods_AlamoFireExample.framework; sourceTree = BUILT_PRODUCTS_DIR; };
		FA0971467FBD832FCC83A873 /* Pods-AlamoFireExample.release.xcconfig */ = {isa = PBXFileReference; includeInIndex = 1; lastKnownFileType = text.xcconfig; name = "Pods-AlamoFireExample.release.xcconfig"; path = "Pods/Target Support Files/Pods-AlamoFireExample/Pods-AlamoFireExample.release.xcconfig"; sourceTree = "<group>"; };
/* End PBXFileReference section */

/* Begin PBXFrameworksBuildPhase section */
		4B7CC7651EE719C000410BB7 /* Frameworks */ = {
			isa = PBXFrameworksBuildPhase;
			buildActionMask = 2147483647;
			files = (
				576554BCEB5BE4E1D5E2D706 /* Pods_AlamoFireExample.framework in Frameworks */,
			);
			runOnlyForDeploymentPostprocessing = 0;
		};
/* End PBXFrameworksBuildPhase section */

/* Begin PBXGroup section */
		1B58F5B69F6AE055EFCA8267 /* Pods */ = {
			isa = PBXGroup;
			children = (
				E16164E4FEF8D2C1666C4FA9 /* Pods-AlamoFireExample.debug.xcconfig */,
				FA0971467FBD832FCC83A873 /* Pods-AlamoFireExample.release.xcconfig */,
			);
			name = Pods;
			sourceTree = "<group>";
		};
		4B7CC75F1EE719C000410BB7 = {
			isa = PBXGroup;
			children = (
				4B7CC76A1EE719C000410BB7 /* AlamoFireExample */,
				4B7CC7691EE719C000410BB7 /* Products */,
				1B58F5B69F6AE055EFCA8267 /* Pods */,
				8F4791F6E0B3BFF9EFA808FE /* Frameworks */,
			);
			sourceTree = "<group>";
		};
		4B7CC7691EE719C000410BB7 /* Products */ = {
			isa = PBXGroup;
			children = (
				4B7CC7681EE719C000410BB7 /* AlamoFireExample.app */,
			);
			name = Products;
			sourceTree = "<group>";
		};
		4B7CC76A1EE719C000410BB7 /* AlamoFireExample */ = {
			isa = PBXGroup;
			children = (
				4B7CC76B1EE719C000410BB7 /* AppDelegate.swift */,
				4B7CC76D1EE719C000410BB7 /* ViewController.swift */,
				4B7CC76F1EE719C000410BB7 /* Main.storyboard */,
				4B7CC7721EE719C000410BB7 /* Assets.xcassets */,
				4B7CC7741EE719C000410BB7 /* LaunchScreen.storyboard */,
				4B7CC7771EE719C000410BB7 /* Info.plist */,
			);
			path = AlamoFireExample;
			sourceTree = "<group>";
		};
		8F4791F6E0B3BFF9EFA808FE /* Frameworks */ = {
			isa = PBXGroup;
			children = (
				F26EB0EAE6FEAD734C845BE9 /* Pods_AlamoFireExample.framework */,
			);
			name = Frameworks;
			sourceTree = "<group>";
		};
/* End PBXGroup section */

/* Begin PBXNativeTarget section */
		4B7CC7671EE719C000410BB7 /* AlamoFireExample */ = {
			isa = PBXNativeTarget;
			buildConfigurationList = 4B7CC77A1EE719C000410BB7 /* Build configuration list for PBXNativeTarget "AlamoFireExample" */;
			buildPhases = (
				056B4091DE3B2B8BC9F30698 /* [CP] Check Pods Manifest.lock */,
				4B7CC7641EE719C000410BB7 /* Sources */,
				4B7CC7651EE719C000410BB7 /* Frameworks */,
				4B7CC7661EE719C000410BB7 /* Resources */,
				BBEBEA4EAF078EB746ED6F06 /* [CP] Embed Pods Frameworks */,
				E20DAF742377679E33FF700E /* [CP] Copy Pods Resources */,
			);
			buildRules = (
			);
			dependencies = (
			);
			name = AlamoFireExample;
			productName = AlamoFireExample;
			productReference = 4B7CC7681EE719C000410BB7 /* AlamoFireExample.app */;
			productType = "com.apple.product-type.application";
		};
/* End PBXNativeTarget section */

/* Begin PBXProject section */
		4B7CC7601EE719C000410BB7 /* Project object */ = {
			isa = PBXProject;
			attributes = {
				LastSwiftUpdateCheck = 0830;
				LastUpgradeCheck = 0830;
				ORGANIZATIONNAME = "Bill Boughton";
				TargetAttributes = {
					4B7CC7671EE719C000410BB7 = {
						CreatedOnToolsVersion = 8.3.2;
						ProvisioningStyle = Automatic;
					};
				};
			};
			buildConfigurationList = 4B7CC7631EE719C000410BB7 /* Build configuration list for PBXProject "AlamoFireExample" */;
			compatibilityVersion = "Xcode 3.2";
			developmentRegion = English;
			hasScannedForEncodings = 0;
			knownRegions = (
				en,
				Base,
			);
			mainGroup = 4B7CC75F1EE719C000410BB7;
			productRefGroup = 4B7CC7691EE719C000410BB7 /* Products */;
			projectDirPath = "";
			projectRoot = "";
			targets = (
				4B7CC7671EE719C000410BB7 /* AlamoFireExample */,
			);
		};
/* End PBXProject section */

/* Begin PBXResourcesBuildPhase section */
		4B7CC7661EE719C000410BB7 /* Resources */ = {
			isa = PBXResourcesBuildPhase;
			buildActionMask = 2147483647;
			files = (
				4B7CC7761EE719C000410BB7 /* LaunchScreen.storyboard in Resources */,
				4B7CC7731EE719C000410BB7 /* Assets.xcassets in Resources */,
				4B7CC7711EE719C000410BB7 /* Main.storyboard in Resources */,
			);
			runOnlyForDeploymentPostprocessing = 0;
		};
/* End PBXResourcesBuildPhase section */

/* Begin PBXShellScriptBuildPhase section */
		056B4091DE3B2B8BC9F30698 /* [CP] Check Pods Manifest.lock */ = {
			isa = PBXShellScriptBuildPhase;
			buildActionMask = 2147483647;
			files = (
			);
			inputPaths = (
			);
			name = "[CP] Check Pods Manifest.lock";
			outputPaths = (
			);
			runOnlyForDeploymentPostprocessing = 0;
			shellPath = /bin/sh;
			shellScript = "diff \"${PODS_PODFILE_DIR_PATH}/Podfile.lock\" \"${PODS_ROOT}/Manifest.lock\" > /dev/null\nif [ $? != 0 ] ; then\n    # print error to STDERR\n    echo \"error: The sandbox is not in sync with the Podfile.lock. Run 'pod install' or update your CocoaPods installation.\" >&2\n    exit 1\nfi\n";
			showEnvVarsInLog = 0;
		};
		BBEBEA4EAF078EB746ED6F06 /* [CP] Embed Pods Frameworks */ = {
			isa = PBXShellScriptBuildPhase;
			buildActionMask = 2147483647;
			files = (
			);
			inputPaths = (
			);
			name = "[CP] Embed Pods Frameworks";
			outputPaths = (
			);
			runOnlyForDeploymentPostprocessing = 0;
			shellPath = /bin/sh;
			shellScript = "\"${SRCROOT}/Pods/Target Support Files/Pods-AlamoFireExample/Pods-AlamoFireExample-frameworks.sh\"\n";
			showEnvVarsInLog = 0;
		};
		E20DAF742377679E33FF700E /* [CP] Copy Pods Resources */ = {
			isa = PBXShellScriptBuildPhase;
			buildActionMask = 2147483647;
			files = (
			);
			inputPaths = (
			);
			name = "[CP] Copy Pods Resources";
			outputPaths = (
			);
			runOnlyForDeploymentPostprocessing = 0;
			shellPath = /bin/sh;
			shellScript = "\"${SRCROOT}/Pods/Target Support Files/Pods-AlamoFireExample/Pods-AlamoFireExample-resources.sh\"\n";
			showEnvVarsInLog = 0;
		};
/* End PBXShellScriptBuildPhase section */

/* Begin PBXSourcesBuildPhase section */
		4B7CC7641EE719C000410BB7 /* Sources */ = {
			isa = PBXSourcesBuildPhase;
			buildActionMask = 2147483647;
			files = (
				4B7CC76E1EE719C000410BB7 /* ViewController.swift in Sources */,
				4B7CC76C1EE719C000410BB7 /* AppDelegate.swift in Sources */,
			);
			runOnlyForDeploymentPostprocessing = 0;
		};
/* End PBXSourcesBuildPhase section */

/* Begin PBXVariantGroup section */
		4B7CC76F1EE719C000410BB7 /* Main.storyboard */ = {
			isa = PBXVariantGroup;
			children = (
				4B7CC7701EE719C000410BB7 /* Base */,
			);
			name = Main.storyboard;
			sourceTree = "<group>";
		};
		4B7CC7741EE719C000410BB7 /* LaunchScreen.storyboard */ = {
			isa = PBXVariantGroup;
			children = (
				4B7CC7751EE719C000410BB7 /* Base */,
			);
			name = LaunchScreen.storyboard;
			sourceTree = "<group>";
		};
/* End PBXVariantGroup section */

/* Begin XCBuildConfiguration section */
		4B7CC7781EE719C000410BB7 /* Debug */ = {
			isa = XCBuildConfiguration;
			buildSettings = {
				ALWAYS_SEARCH_USER_PATHS = NO;
				CLANG_ANALYZER_NONNULL = YES;
				CLANG_ANALYZER_NUMBER_OBJECT_CONVERSION = YES_AGGRESSIVE;
				CLANG_CXX_LANGUAGE_STANDARD = "gnu++0x";
				CLANG_CXX_LIBRARY = "libc++";
				CLANG_ENABLE_MODULES = YES;
				CLANG_ENABLE_OBJC_ARC = YES;
				CLANG_WARN_BOOL_CONVERSION = YES;
				CLANG_WARN_CONSTANT_CONVERSION = YES;
				CLANG_WARN_DIRECT_OBJC_ISA_USAGE = YES_ERROR;
				CLANG_WARN_DOCUMENTATION_COMMENTS = YES;
				CLANG_WARN_EMPTY_BODY = YES;
				CLANG_WARN_ENUM_CONVERSION = YES;
				CLANG_WARN_INFINITE_RECURSION = YES;
				CLANG_WARN_INT_CONVERSION = YES;
				CLANG_WARN_OBJC_ROOT_CLASS = YES_ERROR;
				CLANG_WARN_SUSPICIOUS_MOVE = YES;
				CLANG_WARN_UNREACHABLE_CODE = YES;
				CLANG_WARN__DUPLICATE_METHOD_MATCH = YES;
				"CODE_SIGN_IDENTITY[sdk=iphoneos*]" = "iPhone Developer";
				COPY_PHASE_STRIP = NO;
				DEBUG_INFORMATION_FORMAT = dwarf;
				ENABLE_STRICT_OBJC_MSGSEND = YES;
				ENABLE_TESTABILITY = YES;
				GCC_C_LANGUAGE_STANDARD = gnu99;
				GCC_DYNAMIC_NO_PIC = NO;
				GCC_NO_COMMON_BLOCKS = YES;
				GCC_OPTIMIZATION_LEVEL = 0;
				GCC_PREPROCESSOR_DEFINITIONS = (
					"DEBUG=1",
					"$(inherited)",
				);
				GCC_WARN_64_TO_32_BIT_CONVERSION = YES;
				GCC_WARN_ABOUT_RETURN_TYPE = YES_ERROR;
				GCC_WARN_UNDECLARED_SELECTOR = YES;
				GCC_WARN_UNINITIALIZED_AUTOS = YES_AGGRESSIVE;
				GCC_WARN_UNUSED_FUNCTION = YES;
				GCC_WARN_UNUSED_VARIABLE = YES;
				IPHONEOS_DEPLOYMENT_TARGET = 10.3;
				MTL_ENABLE_DEBUG_INFO = YES;
				ONLY_ACTIVE_ARCH = YES;
				SDKROOT = iphoneos;
				SWIFT_ACTIVE_COMPILATION_CONDITIONS = DEBUG;
				SWIFT_OPTIMIZATION_LEVEL = "-Onone";
				TARGETED_DEVICE_FAMILY = "1,2";
			};
			name = Debug;
		};
		4B7CC7791EE719C000410BB7 /* Release */ = {
			isa = XCBuildConfiguration;
			buildSettings = {
				ALWAYS_SEARCH_USER_PATHS = NO;
				CLANG_ANALYZER_NONNULL = YES;
				CLANG_ANALYZER_NUMBER_OBJECT_CONVERSION = YES_AGGRESSIVE;
				CLANG_CXX_LANGUAGE_STANDARD = "gnu++0x";
				CLANG_CXX_LIBRARY = "libc++";
				CLANG_ENABLE_MODULES = YES;
				CLANG_ENABLE_OBJC_ARC = YES;
				CLANG_WARN_BOOL_CONVERSION = YES;
				CLANG_WARN_CONSTANT_CONVERSION = YES;
				CLANG_WARN_DIRECT_OBJC_ISA_USAGE = YES_ERROR;
				CLANG_WARN_DOCUMENTATION_COMMENTS = YES;
				CLANG_WARN_EMPTY_BODY = YES;
				CLANG_WARN_ENUM_CONVERSION = YES;
				CLANG_WARN_INFINITE_RECURSION = YES;
				CLANG_WARN_INT_CONVERSION = YES;
				CLANG_WARN_OBJC_ROOT_CLASS = YES_ERROR;
				CLANG_WARN_SUSPICIOUS_MOVE = YES;
				CLANG_WARN_UNREACHABLE_CODE = YES;
				CLANG_WARN__DUPLICATE_METHOD_MATCH = YES;
				"CODE_SIGN_IDENTITY[sdk=iphoneos*]" = "iPhone Developer";
				COPY_PHASE_STRIP = NO;
				DEBUG_INFORMATION_FORMAT = "dwarf-with-dsym";
				ENABLE_NS_ASSERTIONS = NO;
				ENABLE_STRICT_OBJC_MSGSEND = YES;
				GCC_C_LANGUAGE_STANDARD = gnu99;
				GCC_NO_COMMON_BLOCKS = YES;
				GCC_WARN_64_TO_32_BIT_CONVERSION = YES;
				GCC_WARN_ABOUT_RETURN_TYPE = YES_ERROR;
				GCC_WARN_UNDECLARED_SELECTOR = YES;
				GCC_WARN_UNINITIALIZED_AUTOS = YES_AGGRESSIVE;
				GCC_WARN_UNUSED_FUNCTION = YES;
				GCC_WARN_UNUSED_VARIABLE = YES;
				IPHONEOS_DEPLOYMENT_TARGET = 10.3;
				MTL_ENABLE_DEBUG_INFO = NO;
				SDKROOT = iphoneos;
				SWIFT_OPTIMIZATION_LEVEL = "-Owholemodule";
				TARGETED_DEVICE_FAMILY = "1,2";
				VALIDATE_PRODUCT = YES;
			};
			name = Release;
		};
		4B7CC77B1EE719C000410BB7 /* Debug */ = {
			isa = XCBuildConfiguration;
			baseConfigurationReference = E16164E4FEF8D2C1666C4FA9 /* Pods-AlamoFireExample.debug.xcconfig */;
			buildSettings = {
				ASSETCATALOG_COMPILER_APPICON_NAME = AppIcon;
				INFOPLIST_FILE = AlamoFireExample/Info.plist;
				LD_RUNPATH_SEARCH_PATHS = "$(inherited) @executable_path/Frameworks";
				PRODUCT_BUNDLE_IDENTIFIER = com.billboughton.AlamoFireExample;
				PRODUCT_NAME = "$(TARGET_NAME)";
				SWIFT_VERSION = 3.0;
			};
			name = Debug;
		};
		4B7CC77C1EE719C000410BB7 /* Release */ = {
			isa = XCBuildConfiguration;
			baseConfigurationReference = FA0971467FBD832FCC83A873 /* Pods-AlamoFireExample.release.xcconfig */;
			buildSettings = {
				ASSETCATALOG_COMPILER_APPICON_NAME = AppIcon;
				INFOPLIST_FILE = AlamoFireExample/Info.plist;
				LD_RUNPATH_SEARCH_PATHS = "$(inherited) @executable_path/Frameworks";
				PRODUCT_BUNDLE_IDENTIFIER = com.billboughton.AlamoFireExample;
				PRODUCT_NAME = "$(TARGET_NAME)";
				SWIFT_VERSION = 3.0;
			};
			name = Release;
		};
/* End XCBuildConfiguration section */

/* Begin XCConfigurationList section */
		4B7CC7631EE719C000410BB7 /* Build configuration list for PBXProject "AlamoFireExample" */ = {
			isa = XCConfigurationList;
			buildConfigurations = (
				4B7CC7781EE719C000410BB7 /* Debug */,
				4B7CC7791EE719C000410BB7 /* Release */,
			);
			defaultConfigurationIsVisible = 0;
			defaultConfigurationName = Release;
		};
		4B7CC77A1EE719C000410BB7 /* Build configuration list for PBXNativeTarget "AlamoFireExample" */ = {
			isa = XCConfigurationList;
			buildConfigurations = (
				4B7CC77B1EE719C000410BB7 /* Debug */,
				4B7CC77C1EE719C000410BB7 /* Release */,
			);
			defaultConfigurationIsVisible = 0;
		};
/* End XCConfigurationList section */
	};
	rootObject = 4B7CC7601EE719C000410BB7 /* Project object */;
}
